// !$*UTF8*$!
{
	archiveVersion = 1;
	classes = {
	};
	objectVersion = 46;
	objects = {

/* Begin PBXBuildFile section */
		84776CC31C0A031300100599 /* main.m in Sources */ = {isa = PBXBuildFile; fileRef = 84776CC21C0A031300100599 /* main.m */; };
		84776CC61C0A031300100599 /* AppDelegate.m in Sources */ = {isa = PBXBuildFile; fileRef = 84776CC51C0A031300100599 /* AppDelegate.m */; };
		84776CC91C0A031300100599 /* Start.m in Sources */ = {isa = PBXBuildFile; fileRef = 84776CC81C0A031300100599 /* Start.m */; };
		84776CCC1C0A031300100599 /* Main.storyboard in Resources */ = {isa = PBXBuildFile; fileRef = 84776CCA1C0A031300100599 /* Main.storyboard */; };
		84776CCF1C0A031300100599 /* Conekta_Token.xcdatamodeld in Sources */ = {isa = PBXBuildFile; fileRef = 84776CCD1C0A031300100599 /* Conekta_Token.xcdatamodeld */; };
		84776CD11C0A031300100599 /* Assets.xcassets in Resources */ = {isa = PBXBuildFile; fileRef = 84776CD01C0A031300100599 /* Assets.xcassets */; };
		84776CD41C0A031300100599 /* LaunchScreen.storyboard in Resources */ = {isa = PBXBuildFile; fileRef = 84776CD21C0A031300100599 /* LaunchScreen.storyboard */; };
		84776CE91C0A074200100599 /* Card.m in Sources */ = {isa = PBXBuildFile; fileRef = 84776CDF1C0A074200100599 /* Card.m */; };
		84776CEA1C0A074200100599 /* Conekta.m in Sources */ = {isa = PBXBuildFile; fileRef = 84776CE11C0A074200100599 /* Conekta.m */; };
		84776CEB1C0A074200100599 /* Connection.m in Sources */ = {isa = PBXBuildFile; fileRef = 84776CE61C0A074200100599 /* Connection.m */; };
		84776CEC1C0A074200100599 /* Token.m in Sources */ = {isa = PBXBuildFile; fileRef = 84776CE81C0A074200100599 /* Token.m */; };
/* End PBXBuildFile section */

/* Begin PBXFileReference section */
		84776CBE1C0A031300100599 /* Conekta Token.app */ = {isa = PBXFileReference; explicitFileType = wrapper.application; includeInIndex = 0; path = "Conekta Token.app"; sourceTree = BUILT_PRODUCTS_DIR; };
		84776CC21C0A031300100599 /* main.m */ = {isa = PBXFileReference; lastKnownFileType = sourcecode.c.objc; path = main.m; sourceTree = "<group>"; };
		84776CC41C0A031300100599 /* AppDelegate.h */ = {isa = PBXFileReference; lastKnownFileType = sourcecode.c.h; path = AppDelegate.h; sourceTree = "<group>"; };
		84776CC51C0A031300100599 /* AppDelegate.m */ = {isa = PBXFileReference; lastKnownFileType = sourcecode.c.objc; path = AppDelegate.m; sourceTree = "<group>"; };
		84776CC71C0A031300100599 /* Start.h */ = {isa = PBXFileReference; lastKnownFileType = sourcecode.c.h; path = Start.h; sourceTree = "<group>"; };
		84776CC81C0A031300100599 /* Start.m */ = {isa = PBXFileReference; lastKnownFileType = sourcecode.c.objc; path = Start.m; sourceTree = "<group>"; };
		84776CCB1C0A031300100599 /* Base */ = {isa = PBXFileReference; lastKnownFileType = file.storyboard; name = Base; path = Base.lproj/Main.storyboard; sourceTree = "<group>"; };
		84776CCE1C0A031300100599 /* Conekta_Token.xcdatamodel */ = {isa = PBXFileReference; lastKnownFileType = wrapper.xcdatamodel; path = Conekta_Token.xcdatamodel; sourceTree = "<group>"; };
		84776CD01C0A031300100599 /* Assets.xcassets */ = {isa = PBXFileReference; lastKnownFileType = folder.assetcatalog; path = Assets.xcassets; sourceTree = "<group>"; };
		84776CD31C0A031300100599 /* Base */ = {isa = PBXFileReference; lastKnownFileType = file.storyboard; name = Base; path = Base.lproj/LaunchScreen.storyboard; sourceTree = "<group>"; };
		84776CD51C0A031300100599 /* Info.plist */ = {isa = PBXFileReference; lastKnownFileType = text.plist.xml; path = Info.plist; sourceTree = "<group>"; };
		84776CDE1C0A074200100599 /* Card.h */ = {isa = PBXFileReference; fileEncoding = 4; lastKnownFileType = sourcecode.c.h; name = Card.h; path = Conekta/Card.h; sourceTree = "<group>"; };
		84776CDF1C0A074200100599 /* Card.m */ = {isa = PBXFileReference; fileEncoding = 4; lastKnownFileType = sourcecode.c.objc; name = Card.m; path = Conekta/Card.m; sourceTree = "<group>"; };
		84776CE01C0A074200100599 /* Conekta.h */ = {isa = PBXFileReference; fileEncoding = 4; lastKnownFileType = sourcecode.c.h; name = Conekta.h; path = Conekta/Conekta.h; sourceTree = "<group>"; };
		84776CE11C0A074200100599 /* Conekta.m */ = {isa = PBXFileReference; fileEncoding = 4; lastKnownFileType = sourcecode.c.objc; name = Conekta.m; path = Conekta/Conekta.m; sourceTree = "<group>"; };
		84776CE51C0A074200100599 /* Connection.h */ = {isa = PBXFileReference; fileEncoding = 4; lastKnownFileType = sourcecode.c.h; name = Connection.h; path = Conekta/Connection.h; sourceTree = "<group>"; };
		84776CE61C0A074200100599 /* Connection.m */ = {isa = PBXFileReference; fileEncoding = 4; lastKnownFileType = sourcecode.c.objc; name = Connection.m; path = Conekta/Connection.m; sourceTree = "<group>"; };
		84776CE71C0A074200100599 /* Token.h */ = {isa = PBXFileReference; fileEncoding = 4; lastKnownFileType = sourcecode.c.h; name = Token.h; path = Conekta/Token.h; sourceTree = "<group>"; };
		84776CE81C0A074200100599 /* Token.m */ = {isa = PBXFileReference; fileEncoding = 4; lastKnownFileType = sourcecode.c.objc; name = Token.m; path = Conekta/Token.m; sourceTree = "<group>"; };
/* End PBXFileReference section */

/* Begin PBXFrameworksBuildPhase section */
		84776CBB1C0A031300100599 /* Frameworks */ = {
			isa = PBXFrameworksBuildPhase;
			buildActionMask = 2147483647;
			files = (
			);
			runOnlyForDeploymentPostprocessing = 0;
		};
/* End PBXFrameworksBuildPhase section */

/* Begin PBXGroup section */
		84776CB51C0A031300100599 = {
			isa = PBXGroup;
			children = (
				84776CC01C0A031300100599 /* Conekta Token */,
				84776CBF1C0A031300100599 /* Products */,
			);
			sourceTree = "<group>";
		};
		84776CBF1C0A031300100599 /* Products */ = {
			isa = PBXGroup;
			children = (
				84776CBE1C0A031300100599 /* Conekta Token.app */,
			);
			name = Products;
			sourceTree = "<group>";
		};
		84776CC01C0A031300100599 /* Conekta Token */ = {
			isa = PBXGroup;
			children = (
				84776CDD1C0A06E400100599 /* Conekta */,
				84776CDB1C0A034C00100599 /* Main */,
				84776CDC1C0A035A00100599 /* Controllers */,
				84776CCA1C0A031300100599 /* Main.storyboard */,
				84776CD01C0A031300100599 /* Assets.xcassets */,
				84776CD21C0A031300100599 /* LaunchScreen.storyboard */,
				84776CD51C0A031300100599 /* Info.plist */,
				84776CCD1C0A031300100599 /* Conekta_Token.xcdatamodeld */,
				84776CC11C0A031300100599 /* Supporting Files */,
			);
			path = "Conekta Token";
			sourceTree = "<group>";
		};
		84776CC11C0A031300100599 /* Supporting Files */ = {
			isa = PBXGroup;
			children = (
				84776CC21C0A031300100599 /* main.m */,
			);
			name = "Supporting Files";
			sourceTree = "<group>";
		};
		84776CDB1C0A034C00100599 /* Main */ = {
			isa = PBXGroup;
			children = (
				84776CC41C0A031300100599 /* AppDelegate.h */,
				84776CC51C0A031300100599 /* AppDelegate.m */,
			);
			name = Main;
			sourceTree = "<group>";
		};
		84776CDC1C0A035A00100599 /* Controllers */ = {
			isa = PBXGroup;
			children = (
				84776CC71C0A031300100599 /* Start.h */,
				84776CC81C0A031300100599 /* Start.m */,
			);
			name = Controllers;
			sourceTree = "<group>";
		};
		84776CDD1C0A06E400100599 /* Conekta */ = {
			isa = PBXGroup;
			children = (
				84776CDE1C0A074200100599 /* Card.h */,
				84776CDF1C0A074200100599 /* Card.m */,
				84776CE01C0A074200100599 /* Conekta.h */,
				84776CE11C0A074200100599 /* Conekta.m */,
				84776CE51C0A074200100599 /* Connection.h */,
				84776CE61C0A074200100599 /* Connection.m */,
				84776CE71C0A074200100599 /* Token.h */,
				84776CE81C0A074200100599 /* Token.m */,
			);
			name = Conekta;
			sourceTree = "<group>";
		};
/* End PBXGroup section */

/* Begin PBXNativeTarget section */
		84776CBD1C0A031300100599 /* Conekta Token */ = {
			isa = PBXNativeTarget;
			buildConfigurationList = 84776CD81C0A031300100599 /* Build configuration list for PBXNativeTarget "Conekta Token" */;
			buildPhases = (
				84776CBA1C0A031300100599 /* Sources */,
				84776CBB1C0A031300100599 /* Frameworks */,
				84776CBC1C0A031300100599 /* Resources */,
			);
			buildRules = (
			);
			dependencies = (
			);
			name = "Conekta Token";
			productName = "Conekta Token";
			productReference = 84776CBE1C0A031300100599 /* Conekta Token.app */;
			productType = "com.apple.product-type.application";
		};
/* End PBXNativeTarget section */

/* Begin PBXProject section */
		84776CB61C0A031300100599 /* Project object */ = {
			isa = PBXProject;
			attributes = {
				LastUpgradeCheck = 0710;
				ORGANIZATIONNAME = chiuntisoft;
				TargetAttributes = {
					84776CBD1C0A031300100599 = {
						CreatedOnToolsVersion = 7.1.1;
						DevelopmentTeam = X9638U446H;
					};
				};
			};
			buildConfigurationList = 84776CB91C0A031300100599 /* Build configuration list for PBXProject "Conekta Token" */;
			compatibilityVersion = "Xcode 3.2";
			developmentRegion = English;
			hasScannedForEncodings = 0;
			knownRegions = (
				en,
				Base,
			);
			mainGroup = 84776CB51C0A031300100599;
			productRefGroup = 84776CBF1C0A031300100599 /* Products */;
			projectDirPath = "";
			projectRoot = "";
			targets = (
				84776CBD1C0A031300100599 /* Conekta Token */,
			);
		};
/* End PBXProject section */

/* Begin PBXResourcesBuildPhase section */
		84776CBC1C0A031300100599 /* Resources */ = {
			isa = PBXResourcesBuildPhase;
			buildActionMask = 2147483647;
			files = (
				84776CD41C0A031300100599 /* LaunchScreen.storyboard in Resources */,
				84776CD11C0A031300100599 /* Assets.xcassets in Resources */,
				84776CCC1C0A031300100599 /* Main.storyboard in Resources */,
			);
			runOnlyForDeploymentPostprocessing = 0;
		};
/* End PBXResourcesBuildPhase section */

/* Begin PBXSourcesBuildPhase section */
		84776CBA1C0A031300100599 /* Sources */ = {
			isa = PBXSourcesBuildPhase;
			buildActionMask = 2147483647;
			files = (
				84776CE91C0A074200100599 /* Card.m in Sources */,
				84776CEB1C0A074200100599 /* Connection.m in Sources */,
				84776CEA1C0A074200100599 /* Conekta.m in Sources */,
				84776CEC1C0A074200100599 /* Token.m in Sources */,
				84776CC91C0A031300100599 /* Start.m in Sources */,
				84776CC61C0A031300100599 /* AppDelegate.m in Sources */,
				84776CC31C0A031300100599 /* main.m in Sources */,
				84776CCF1C0A031300100599 /* Conekta_Token.xcdatamodeld in Sources */,
			);
			runOnlyForDeploymentPostprocessing = 0;
		};
/* End PBXSourcesBuildPhase section */

/* Begin PBXVariantGroup section */
		84776CCA1C0A031300100599 /* Main.storyboard */ = {
			isa = PBXVariantGroup;
			children = (
				84776CCB1C0A031300100599 /* Base */,
			);
			name = Main.storyboard;
			sourceTree = "<group>";
		};
		84776CD21C0A031300100599 /* LaunchScreen.storyboard */ = {
			isa = PBXVariantGroup;
			children = (
				84776CD31C0A031300100599 /* Base */,
			);
			name = LaunchScreen.storyboard;
			sourceTree = "<group>";
		};
/* End PBXVariantGroup section */

/* Begin XCBuildConfiguration section */
		84776CD61C0A031300100599 /* Debug */ = {
			isa = XCBuildConfiguration;
			buildSettings = {
				ALWAYS_SEARCH_USER_PATHS = NO;
				CLANG_CXX_LANGUAGE_STANDARD = "gnu++0x";
				CLANG_CXX_LIBRARY = "libc++";
				CLANG_ENABLE_MODULES = YES;
				CLANG_ENABLE_OBJC_ARC = YES;
				CLANG_WARN_BOOL_CONVERSION = YES;
				CLANG_WARN_CONSTANT_CONVERSION = YES;
				CLANG_WARN_DIRECT_OBJC_ISA_USAGE = YES_ERROR;
				CLANG_WARN_EMPTY_BODY = YES;
				CLANG_WARN_ENUM_CONVERSION = YES;
				CLANG_WARN_INT_CONVERSION = YES;
				CLANG_WARN_OBJC_ROOT_CLASS = YES_ERROR;
				CLANG_WARN_UNREACHABLE_CODE = YES;
				CLANG_WARN__DUPLICATE_METHOD_MATCH = YES;
				"CODE_SIGN_IDENTITY[sdk=iphoneos*]" = "iPhone Developer";
				COPY_PHASE_STRIP = NO;
				DEBUG_INFORMATION_FORMAT = dwarf;
				ENABLE_STRICT_OBJC_MSGSEND = YES;
				ENABLE_TESTABILITY = YES;
				GCC_C_LANGUAGE_STANDARD = gnu99;
				GCC_DYNAMIC_NO_PIC = NO;
				GCC_NO_COMMON_BLOCKS = YES;
				GCC_OPTIMIZATION_LEVEL = 0;
				GCC_PREPROCESSOR_DEFINITIONS = (
					"DEBUG=1",
					"$(inherited)",
				);
				GCC_WARN_64_TO_32_BIT_CONVERSION = YES;
				GCC_WARN_ABOUT_RETURN_TYPE = YES_ERROR;
				GCC_WARN_UNDECLARED_SELECTOR = YES;
				GCC_WARN_UNINITIALIZED_AUTOS = YES_AGGRESSIVE;
				GCC_WARN_UNUSED_FUNCTION = YES;
				GCC_WARN_UNUSED_VARIABLE = YES;
				IPHONEOS_DEPLOYMENT_TARGET = 9.1;
				MTL_ENABLE_DEBUG_INFO = YES;
				ONLY_ACTIVE_ARCH = YES;
				SDKROOT = iphoneos;
			};
			name = Debug;
		};
		84776CD71C0A031300100599 /* Release */ = {
			isa = XCBuildConfiguration;
			buildSettings = {
				ALWAYS_SEARCH_USER_PATHS = NO;
				CLANG_CXX_LANGUAGE_STANDARD = "gnu++0x";
				CLANG_CXX_LIBRARY = "libc++";
				CLANG_ENABLE_MODULES = YES;
				CLANG_ENABLE_OBJC_ARC = YES;
				CLANG_WARN_BOOL_CONVERSION = YES;
				CLANG_WARN_CONSTANT_CONVERSION = YES;
				CLANG_WARN_DIRECT_OBJC_ISA_USAGE = YES_ERROR;
				CLANG_WARN_EMPTY_BODY = YES;
				CLANG_WARN_ENUM_CONVERSION = YES;
				CLANG_WARN_INT_CONVERSION = YES;
				CLANG_WARN_OBJC_ROOT_CLASS = YES_ERROR;
				CLANG_WARN_UNREACHABLE_CODE = YES;
				CLANG_WARN__DUPLICATE_METHOD_MATCH = YES;
				"CODE_SIGN_IDENTITY[sdk=iphoneos*]" = "iPhone Developer";
				COPY_PHASE_STRIP = NO;
				DEBUG_INFORMATION_FORMAT = "dwarf-with-dsym";
				ENABLE_NS_ASSERTIONS = NO;
				ENABLE_STRICT_OBJC_MSGSEND = YES;
				GCC_C_LANGUAGE_STANDARD = gnu99;
				GCC_NO_COMMON_BLOCKS = YES;
				GCC_WARN_64_TO_32_BIT_CONVERSION = YES;
				GCC_WARN_ABOUT_RETURN_TYPE = YES_ERROR;
				GCC_WARN_UNDECLARED_SELECTOR = YES;
				GCC_WARN_UNINITIALIZED_AUTOS = YES_AGGRESSIVE;
				GCC_WARN_UNUSED_FUNCTION = YES;
				GCC_WARN_UNUSED_VARIABLE = YES;
				IPHONEOS_DEPLOYMENT_TARGET = 9.1;
				MTL_ENABLE_DEBUG_INFO = NO;
				SDKROOT = iphoneos;
				VALIDATE_PRODUCT = YES;
			};
			name = Release;
		};
		84776CD91C0A031300100599 /* Debug */ = {
			isa = XCBuildConfiguration;
			buildSettings = {
				ASSETCATALOG_COMPILER_APPICON_NAME = AppIcon;
				CODE_SIGN_IDENTITY = "iPhone Developer";
				"CODE_SIGN_IDENTITY[sdk=iphoneos*]" = "iPhone Developer";
				INFOPLIST_FILE = "Conekta Token/Info.plist";
				LD_RUNPATH_SEARCH_PATHS = "$(inherited) @executable_path/Frameworks";
				LIBRARY_SEARCH_PATHS = (
					"$(inherited)\n$(PROJECT_DIR)/Conekta",
				);
				PRODUCT_BUNDLE_IDENTIFIER = "com.chiuntisoft.Conekta-Token";
				PRODUCT_NAME = "$(TARGET_NAME)";
				PROVISIONING_PROFILE = "";
			};
			name = Debug;
		};
		84776CDA1C0A031300100599 /* Release */ = {
			isa = XCBuildConfiguration;
			buildSettings = {
				ASSETCATALOG_COMPILER_APPICON_NAME = AppIcon;
				CODE_SIGN_IDENTITY = "iPhone Developer";
				"CODE_SIGN_IDENTITY[sdk=iphoneos*]" = "iPhone Developer";
				INFOPLIST_FILE = "Conekta Token/Info.plist";
				LD_RUNPATH_SEARCH_PATHS = "$(inherited) @executable_path/Frameworks";
				LIBRARY_SEARCH_PATHS = (
					"$(inherited)\n$(PROJECT_DIR)/Conekta",
				);
				PRODUCT_BUNDLE_IDENTIFIER = "com.chiuntisoft.Conekta-Token";
				PRODUCT_NAME = "$(TARGET_NAME)";
				PROVISIONING_PROFILE = "";
			};
			name = Release;
		};
/* End XCBuildConfiguration section */

/* Begin XCConfigurationList section */
		84776CB91C0A031300100599 /* Build configuration list for PBXProject "Conekta Token" */ = {
			isa = XCConfigurationList;
			buildConfigurations = (
				84776CD61C0A031300100599 /* Debug */,
				84776CD71C0A031300100599 /* Release */,
			);
			defaultConfigurationIsVisible = 0;
			defaultConfigurationName = Release;
		};
		84776CD81C0A031300100599 /* Build configuration list for PBXNativeTarget "Conekta Token" */ = {
			isa = XCConfigurationList;
			buildConfigurations = (
				84776CD91C0A031300100599 /* Debug */,
				84776CDA1C0A031300100599 /* Release */,
			);
			defaultConfigurationIsVisible = 0;
		};
/* End XCConfigurationList section */

/* Begin XCVersionGroup section */
		84776CCD1C0A031300100599 /* Conekta_Token.xcdatamodeld */ = {
			isa = XCVersionGroup;
			children = (
				84776CCE1C0A031300100599 /* Conekta_Token.xcdatamodel */,
			);
			currentVersion = 84776CCE1C0A031300100599 /* Conekta_Token.xcdatamodel */;
			path = Conekta_Token.xcdatamodeld;
			sourceTree = "<group>";
			versionGroupType = wrapper.xcdatamodel;
		};
/* End XCVersionGroup section */
	};
	rootObject = 84776CB61C0A031300100599 /* Project object */;
}
